// !$*UTF8*$!
{
	archiveVersion = 1;
	classes = {
	};
	objectVersion = 48;
	objects = {

/* Begin PBXBuildFile section */
		16D43F13202B30210040E310 /* AppDelegate.swift in Sources */ = {isa = PBXBuildFile; fileRef = 16D43F12202B30210040E310 /* AppDelegate.swift */; };
		16D43F15202B30210040E310 /* ViewController.swift in Sources */ = {isa = PBXBuildFile; fileRef = 16D43F14202B30210040E310 /* ViewController.swift */; };
		16D43F18202B30210040E310 /* Main.storyboard in Resources */ = {isa = PBXBuildFile; fileRef = 16D43F16202B30210040E310 /* Main.storyboard */; };
		16D43F1B202B30210040E310 /* Flashcard.xcdatamodeld in Sources */ = {isa = PBXBuildFile; fileRef = 16D43F19202B30210040E310 /* Flashcard.xcdatamodeld */; };
		16D43F1D202B30210040E310 /* Assets.xcassets in Resources */ = {isa = PBXBuildFile; fileRef = 16D43F1C202B30210040E310 /* Assets.xcassets */; };
		16D43F20202B30210040E310 /* LaunchScreen.storyboard in Resources */ = {isa = PBXBuildFile; fileRef = 16D43F1E202B30210040E310 /* LaunchScreen.storyboard */; };
		16D43F2B202B30210040E310 /* FlashcardTests.swift in Sources */ = {isa = PBXBuildFile; fileRef = 16D43F2A202B30210040E310 /* FlashcardTests.swift */; };
		16D43F36202B30210040E310 /* FlashcardUITests.swift in Sources */ = {isa = PBXBuildFile; fileRef = 16D43F35202B30210040E310 /* FlashcardUITests.swift */; };
		16D43F44202B3C720040E310 /* FlashcardViewController.swift in Sources */ = {isa = PBXBuildFile; fileRef = 16D43F43202B3C720040E310 /* FlashcardViewController.swift */; };
		16D43F47202B3FAF0040E310 /* Flashcard+CoreDataClass.swift in Sources */ = {isa = PBXBuildFile; fileRef = 16D43F45202B3FAF0040E310 /* Flashcard+CoreDataClass.swift */; };
		16D43F48202B3FAF0040E310 /* Flashcard+CoreDataProperties.swift in Sources */ = {isa = PBXBuildFile; fileRef = 16D43F46202B3FAF0040E310 /* Flashcard+CoreDataProperties.swift */; };
/* End PBXBuildFile section */

/* Begin PBXContainerItemProxy section */
		16D43F27202B30210040E310 /* PBXContainerItemProxy */ = {
			isa = PBXContainerItemProxy;
			containerPortal = 16D43F07202B30210040E310 /* Project object */;
			proxyType = 1;
			remoteGlobalIDString = 16D43F0E202B30210040E310;
			remoteInfo = Flashcard;
		};
		16D43F32202B30210040E310 /* PBXContainerItemProxy */ = {
			isa = PBXContainerItemProxy;
			containerPortal = 16D43F07202B30210040E310 /* Project object */;
			proxyType = 1;
			remoteGlobalIDString = 16D43F0E202B30210040E310;
			remoteInfo = Flashcard;
		};
/* End PBXContainerItemProxy section */

/* Begin PBXFileReference section */
		16D43F0F202B30210040E310 /* Flashcard.app */ = {isa = PBXFileReference; explicitFileType = wrapper.application; includeInIndex = 0; path = Flashcard.app; sourceTree = BUILT_PRODUCTS_DIR; };
		16D43F12202B30210040E310 /* AppDelegate.swift */ = {isa = PBXFileReference; lastKnownFileType = sourcecode.swift; path = AppDelegate.swift; sourceTree = "<group>"; };
		16D43F14202B30210040E310 /* ViewController.swift */ = {isa = PBXFileReference; lastKnownFileType = sourcecode.swift; path = ViewController.swift; sourceTree = "<group>"; };
		16D43F17202B30210040E310 /* Base */ = {isa = PBXFileReference; lastKnownFileType = file.storyboard; name = Base; path = Base.lproj/Main.storyboard; sourceTree = "<group>"; };
		16D43F1A202B30210040E310 /* Flashcard.xcdatamodel */ = {isa = PBXFileReference; lastKnownFileType = wrapper.xcdatamodel; path = Flashcard.xcdatamodel; sourceTree = "<group>"; };
		16D43F1C202B30210040E310 /* Assets.xcassets */ = {isa = PBXFileReference; lastKnownFileType = folder.assetcatalog; path = Assets.xcassets; sourceTree = "<group>"; };
		16D43F1F202B30210040E310 /* Base */ = {isa = PBXFileReference; lastKnownFileType = file.storyboard; name = Base; path = Base.lproj/LaunchScreen.storyboard; sourceTree = "<group>"; };
		16D43F21202B30210040E310 /* Info.plist */ = {isa = PBXFileReference; lastKnownFileType = text.plist.xml; path = Info.plist; sourceTree = "<group>"; };
		16D43F26202B30210040E310 /* FlashcardTests.xctest */ = {isa = PBXFileReference; explicitFileType = wrapper.cfbundle; includeInIndex = 0; path = FlashcardTests.xctest; sourceTree = BUILT_PRODUCTS_DIR; };
		16D43F2A202B30210040E310 /* FlashcardTests.swift */ = {isa = PBXFileReference; lastKnownFileType = sourcecode.swift; path = FlashcardTests.swift; sourceTree = "<group>"; };
		16D43F2C202B30210040E310 /* Info.plist */ = {isa = PBXFileReference; lastKnownFileType = text.plist.xml; path = Info.plist; sourceTree = "<group>"; };
		16D43F31202B30210040E310 /* FlashcardUITests.xctest */ = {isa = PBXFileReference; explicitFileType = wrapper.cfbundle; includeInIndex = 0; path = FlashcardUITests.xctest; sourceTree = BUILT_PRODUCTS_DIR; };
		16D43F35202B30210040E310 /* FlashcardUITests.swift */ = {isa = PBXFileReference; lastKnownFileType = sourcecode.swift; path = FlashcardUITests.swift; sourceTree = "<group>"; };
		16D43F37202B30210040E310 /* Info.plist */ = {isa = PBXFileReference; lastKnownFileType = text.plist.xml; path = Info.plist; sourceTree = "<group>"; };
		16D43F43202B3C720040E310 /* FlashcardViewController.swift */ = {isa = PBXFileReference; lastKnownFileType = sourcecode.swift; path = FlashcardViewController.swift; sourceTree = "<group>"; };
		16D43F45202B3FAF0040E310 /* Flashcard+CoreDataClass.swift */ = {isa = PBXFileReference; lastKnownFileType = sourcecode.swift; path = "Flashcard+CoreDataClass.swift"; sourceTree = "<group>"; };
		16D43F46202B3FAF0040E310 /* Flashcard+CoreDataProperties.swift */ = {isa = PBXFileReference; lastKnownFileType = sourcecode.swift; path = "Flashcard+CoreDataProperties.swift"; sourceTree = "<group>"; };
/* End PBXFileReference section */

/* Begin PBXFrameworksBuildPhase section */
		16D43F0C202B30210040E310 /* Frameworks */ = {
			isa = PBXFrameworksBuildPhase;
			buildActionMask = 2147483647;
			files = (
			);
			runOnlyForDeploymentPostprocessing = 0;
		};
		16D43F23202B30210040E310 /* Frameworks */ = {
			isa = PBXFrameworksBuildPhase;
			buildActionMask = 2147483647;
			files = (
			);
			runOnlyForDeploymentPostprocessing = 0;
		};
		16D43F2E202B30210040E310 /* Frameworks */ = {
			isa = PBXFrameworksBuildPhase;
			buildActionMask = 2147483647;
			files = (
			);
			runOnlyForDeploymentPostprocessing = 0;
		};
/* End PBXFrameworksBuildPhase section */

/* Begin PBXGroup section */
		16D43F06202B30210040E310 = {
			isa = PBXGroup;
			children = (
				16D43F11202B30210040E310 /* Flashcard */,
				16D43F29202B30210040E310 /* FlashcardTests */,
				16D43F34202B30210040E310 /* FlashcardUITests */,
				16D43F10202B30210040E310 /* Products */,
			);
			sourceTree = "<group>";
		};
		16D43F10202B30210040E310 /* Products */ = {
			isa = PBXGroup;
			children = (
				16D43F0F202B30210040E310 /* Flashcard.app */,
				16D43F26202B30210040E310 /* FlashcardTests.xctest */,
				16D43F31202B30210040E310 /* FlashcardUITests.xctest */,
			);
			name = Products;
			sourceTree = "<group>";
		};
		16D43F11202B30210040E310 /* Flashcard */ = {
			isa = PBXGroup;
			children = (
				16D43F45202B3FAF0040E310 /* Flashcard+CoreDataClass.swift */,
				16D43F46202B3FAF0040E310 /* Flashcard+CoreDataProperties.swift */,
				16D43F12202B30210040E310 /* AppDelegate.swift */,
				16D43F14202B30210040E310 /* ViewController.swift */,
				16D43F43202B3C720040E310 /* FlashcardViewController.swift */,
				16D43F16202B30210040E310 /* Main.storyboard */,
				16D43F1C202B30210040E310 /* Assets.xcassets */,
				16D43F1E202B30210040E310 /* LaunchScreen.storyboard */,
				16D43F21202B30210040E310 /* Info.plist */,
				16D43F19202B30210040E310 /* Flashcard.xcdatamodeld */,
			);
			path = Flashcard;
			sourceTree = "<group>";
		};
		16D43F29202B30210040E310 /* FlashcardTests */ = {
			isa = PBXGroup;
			children = (
				16D43F2A202B30210040E310 /* FlashcardTests.swift */,
				16D43F2C202B30210040E310 /* Info.plist */,
			);
			path = FlashcardTests;
			sourceTree = "<group>";
		};
		16D43F34202B30210040E310 /* FlashcardUITests */ = {
			isa = PBXGroup;
			children = (
				16D43F35202B30210040E310 /* FlashcardUITests.swift */,
				16D43F37202B30210040E310 /* Info.plist */,
			);
			path = FlashcardUITests;
			sourceTree = "<group>";
		};
/* End PBXGroup section */

/* Begin PBXNativeTarget section */
		16D43F0E202B30210040E310 /* Flashcard */ = {
			isa = PBXNativeTarget;
			buildConfigurationList = 16D43F3A202B30210040E310 /* Build configuration list for PBXNativeTarget "Flashcard" */;
			buildPhases = (
				16D43F0B202B30210040E310 /* Sources */,
				16D43F0C202B30210040E310 /* Frameworks */,
				16D43F0D202B30210040E310 /* Resources */,
			);
			buildRules = (
			);
			dependencies = (
			);
			name = Flashcard;
			productName = Flashcard;
			productReference = 16D43F0F202B30210040E310 /* Flashcard.app */;
			productType = "com.apple.product-type.application";
		};
		16D43F25202B30210040E310 /* FlashcardTests */ = {
			isa = PBXNativeTarget;
			buildConfigurationList = 16D43F3D202B30210040E310 /* Build configuration list for PBXNativeTarget "FlashcardTests" */;
			buildPhases = (
				16D43F22202B30210040E310 /* Sources */,
				16D43F23202B30210040E310 /* Frameworks */,
				16D43F24202B30210040E310 /* Resources */,
			);
			buildRules = (
			);
			dependencies = (
				16D43F28202B30210040E310 /* PBXTargetDependency */,
			);
			name = FlashcardTests;
			productName = FlashcardTests;
			productReference = 16D43F26202B30210040E310 /* FlashcardTests.xctest */;
			productType = "com.apple.product-type.bundle.unit-test";
		};
		16D43F30202B30210040E310 /* FlashcardUITests */ = {
			isa = PBXNativeTarget;
			buildConfigurationList = 16D43F40202B30210040E310 /* Build configuration list for PBXNativeTarget "FlashcardUITests" */;
			buildPhases = (
				16D43F2D202B30210040E310 /* Sources */,
				16D43F2E202B30210040E310 /* Frameworks */,
				16D43F2F202B30210040E310 /* Resources */,
			);
			buildRules = (
			);
			dependencies = (
				16D43F33202B30210040E310 /* PBXTargetDependency */,
			);
			name = FlashcardUITests;
			productName = FlashcardUITests;
			productReference = 16D43F31202B30210040E310 /* FlashcardUITests.xctest */;
			productType = "com.apple.product-type.bundle.ui-testing";
		};
/* End PBXNativeTarget section */

/* Begin PBXProject section */
		16D43F07202B30210040E310 /* Project object */ = {
			isa = PBXProject;
			attributes = {
				LastSwiftUpdateCheck = 0910;
				LastUpgradeCheck = 0910;
				ORGANIZATIONNAME = sayedAbdo;
				TargetAttributes = {
					16D43F0E202B30210040E310 = {
						CreatedOnToolsVersion = 9.1;
						ProvisioningStyle = Automatic;
					};
					16D43F25202B30210040E310 = {
						CreatedOnToolsVersion = 9.1;
						ProvisioningStyle = Automatic;
						TestTargetID = 16D43F0E202B30210040E310;
					};
					16D43F30202B30210040E310 = {
						CreatedOnToolsVersion = 9.1;
						ProvisioningStyle = Automatic;
						TestTargetID = 16D43F0E202B30210040E310;
					};
				};
			};
			buildConfigurationList = 16D43F0A202B30210040E310 /* Build configuration list for PBXProject "Flashcard" */;
			compatibilityVersion = "Xcode 8.0";
			developmentRegion = en;
			hasScannedForEncodings = 0;
			knownRegions = (
				en,
				Base,
			);
			mainGroup = 16D43F06202B30210040E310;
			productRefGroup = 16D43F10202B30210040E310 /* Products */;
			projectDirPath = "";
			projectRoot = "";
			targets = (
				16D43F0E202B30210040E310 /* Flashcard */,
				16D43F25202B30210040E310 /* FlashcardTests */,
				16D43F30202B30210040E310 /* FlashcardUITests */,
			);
		};
/* End PBXProject section */

/* Begin PBXResourcesBuildPhase section */
		16D43F0D202B30210040E310 /* Resources */ = {
			isa = PBXResourcesBuildPhase;
			buildActionMask = 2147483647;
			files = (
				16D43F20202B30210040E310 /* LaunchScreen.storyboard in Resources */,
				16D43F1D202B30210040E310 /* Assets.xcassets in Resources */,
				16D43F18202B30210040E310 /* Main.storyboard in Resources */,
			);
			runOnlyForDeploymentPostprocessing = 0;
		};
		16D43F24202B30210040E310 /* Resources */ = {
			isa = PBXResourcesBuildPhase;
			buildActionMask = 2147483647;
			files = (
			);
			runOnlyForDeploymentPostprocessing = 0;
		};
		16D43F2F202B30210040E310 /* Resources */ = {
			isa = PBXResourcesBuildPhase;
			buildActionMask = 2147483647;
			files = (
			);
			runOnlyForDeploymentPostprocessing = 0;
		};
/* End PBXResourcesBuildPhase section */

/* Begin PBXSourcesBuildPhase section */
		16D43F0B202B30210040E310 /* Sources */ = {
			isa = PBXSourcesBuildPhase;
			buildActionMask = 2147483647;
			files = (
				16D43F48202B3FAF0040E310 /* Flashcard+CoreDataProperties.swift in Sources */,
				16D43F47202B3FAF0040E310 /* Flashcard+CoreDataClass.swift in Sources */,
				16D43F15202B30210040E310 /* ViewController.swift in Sources */,
				16D43F1B202B30210040E310 /* Flashcard.xcdatamodeld in Sources */,
				16D43F13202B30210040E310 /* AppDelegate.swift in Sources */,
				16D43F44202B3C720040E310 /* FlashcardViewController.swift in Sources */,
			);
			runOnlyForDeploymentPostprocessing = 0;
		};
		16D43F22202B30210040E310 /* Sources */ = {
			isa = PBXSourcesBuildPhase;
			buildActionMask = 2147483647;
			files = (
				16D43F2B202B30210040E310 /* FlashcardTests.swift in Sources */,
			);
			runOnlyForDeploymentPostprocessing = 0;
		};
		16D43F2D202B30210040E310 /* Sources */ = {
			isa = PBXSourcesBuildPhase;
			buildActionMask = 2147483647;
			files = (
				16D43F36202B30210040E310 /* FlashcardUITests.swift in Sources */,
			);
			runOnlyForDeploymentPostprocessing = 0;
		};
/* End PBXSourcesBuildPhase section */

/* Begin PBXTargetDependency section */
		16D43F28202B30210040E310 /* PBXTargetDependency */ = {
			isa = PBXTargetDependency;
			target = 16D43F0E202B30210040E310 /* Flashcard */;
			targetProxy = 16D43F27202B30210040E310 /* PBXContainerItemProxy */;
		};
		16D43F33202B30210040E310 /* PBXTargetDependency */ = {
			isa = PBXTargetDependency;
			target = 16D43F0E202B30210040E310 /* Flashcard */;
			targetProxy = 16D43F32202B30210040E310 /* PBXContainerItemProxy */;
		};
/* End PBXTargetDependency section */

/* Begin PBXVariantGroup section */
		16D43F16202B30210040E310 /* Main.storyboard */ = {
			isa = PBXVariantGroup;
			children = (
				16D43F17202B30210040E310 /* Base */,
			);
			name = Main.storyboard;
			sourceTree = "<group>";
		};
		16D43F1E202B30210040E310 /* LaunchScreen.storyboard */ = {
			isa = PBXVariantGroup;
			children = (
				16D43F1F202B30210040E310 /* Base */,
			);
			name = LaunchScreen.storyboard;
			sourceTree = "<group>";
		};
/* End PBXVariantGroup section */

/* Begin XCBuildConfiguration section */
		16D43F38202B30210040E310 /* Debug */ = {
			isa = XCBuildConfiguration;
			buildSettings = {
				ALWAYS_SEARCH_USER_PATHS = NO;
				CLANG_ANALYZER_NONNULL = YES;
				CLANG_ANALYZER_NUMBER_OBJECT_CONVERSION = YES_AGGRESSIVE;
				CLANG_CXX_LANGUAGE_STANDARD = "gnu++14";
				CLANG_CXX_LIBRARY = "libc++";
				CLANG_ENABLE_MODULES = YES;
				CLANG_ENABLE_OBJC_ARC = YES;
				CLANG_WARN_BLOCK_CAPTURE_AUTORELEASING = YES;
				CLANG_WARN_BOOL_CONVERSION = YES;
				CLANG_WARN_COMMA = YES;
				CLANG_WARN_CONSTANT_CONVERSION = YES;
				CLANG_WARN_DIRECT_OBJC_ISA_USAGE = YES_ERROR;
				CLANG_WARN_DOCUMENTATION_COMMENTS = YES;
				CLANG_WARN_EMPTY_BODY = YES;
				CLANG_WARN_ENUM_CONVERSION = YES;
				CLANG_WARN_INFINITE_RECURSION = YES;
				CLANG_WARN_INT_CONVERSION = YES;
				CLANG_WARN_NON_LITERAL_NULL_CONVERSION = YES;
				CLANG_WARN_OBJC_LITERAL_CONVERSION = YES;
				CLANG_WARN_OBJC_ROOT_CLASS = YES_ERROR;
				CLANG_WARN_RANGE_LOOP_ANALYSIS = YES;
				CLANG_WARN_STRICT_PROTOTYPES = YES;
				CLANG_WARN_SUSPICIOUS_MOVE = YES;
				CLANG_WARN_UNGUARDED_AVAILABILITY = YES_AGGRESSIVE;
				CLANG_WARN_UNREACHABLE_CODE = YES;
				CLANG_WARN__DUPLICATE_METHOD_MATCH = YES;
				CODE_SIGN_IDENTITY = "iPhone Developer";
				COPY_PHASE_STRIP = NO;
				DEBUG_INFORMATION_FORMAT = dwarf;
				ENABLE_STRICT_OBJC_MSGSEND = YES;
				ENABLE_TESTABILITY = YES;
				GCC_C_LANGUAGE_STANDARD = gnu11;
				GCC_DYNAMIC_NO_PIC = NO;
				GCC_NO_COMMON_BLOCKS = YES;
				GCC_OPTIMIZATION_LEVEL = 0;
				GCC_PREPROCESSOR_DEFINITIONS = (
					"DEBUG=1",
					"$(inherited)",
				);
				GCC_WARN_64_TO_32_BIT_CONVERSION = YES;
				GCC_WARN_ABOUT_RETURN_TYPE = YES_ERROR;
				GCC_WARN_UNDECLARED_SELECTOR = YES;
				GCC_WARN_UNINITIALIZED_AUTOS = YES_AGGRESSIVE;
				GCC_WARN_UNUSED_FUNCTION = YES;
				GCC_WARN_UNUSED_VARIABLE = YES;
				IPHONEOS_DEPLOYMENT_TARGET = 11.1;
				MTL_ENABLE_DEBUG_INFO = YES;
				ONLY_ACTIVE_ARCH = YES;
				SDKROOT = iphoneos;
				SWIFT_ACTIVE_COMPILATION_CONDITIONS = DEBUG;
				SWIFT_OPTIMIZATION_LEVEL = "-Onone";
			};
			name = Debug;
		};
		16D43F39202B30210040E310 /* Release */ = {
			isa = XCBuildConfiguration;
			buildSettings = {
				ALWAYS_SEARCH_USER_PATHS = NO;
				CLANG_ANALYZER_NONNULL = YES;
				CLANG_ANALYZER_NUMBER_OBJECT_CONVERSION = YES_AGGRESSIVE;
				CLANG_CXX_LANGUAGE_STANDARD = "gnu++14";
				CLANG_CXX_LIBRARY = "libc++";
				CLANG_ENABLE_MODULES = YES;
				CLANG_ENABLE_OBJC_ARC = YES;
				CLANG_WARN_BLOCK_CAPTURE_AUTORELEASING = YES;
				CLANG_WARN_BOOL_CONVERSION = YES;
				CLANG_WARN_COMMA = YES;
				CLANG_WARN_CONSTANT_CONVERSION = YES;
				CLANG_WARN_DIRECT_OBJC_ISA_USAGE = YES_ERROR;
				CLANG_WARN_DOCUMENTATION_COMMENTS = YES;
				CLANG_WARN_EMPTY_BODY = YES;
				CLANG_WARN_ENUM_CONVERSION = YES;
				CLANG_WARN_INFINITE_RECURSION = YES;
				CLANG_WARN_INT_CONVERSION = YES;
				CLANG_WARN_NON_LITERAL_NULL_CONVERSION = YES;
				CLANG_WARN_OBJC_LITERAL_CONVERSION = YES;
				CLANG_WARN_OBJC_ROOT_CLASS = YES_ERROR;
				CLANG_WARN_RANGE_LOOP_ANALYSIS = YES;
				CLANG_WARN_STRICT_PROTOTYPES = YES;
				CLANG_WARN_SUSPICIOUS_MOVE = YES;
				CLANG_WARN_UNGUARDED_AVAILABILITY = YES_AGGRESSIVE;
				CLANG_WARN_UNREACHABLE_CODE = YES;
				CLANG_WARN__DUPLICATE_METHOD_MATCH = YES;
				CODE_SIGN_IDENTITY = "iPhone Developer";
				COPY_PHASE_STRIP = NO;
				DEBUG_INFORMATION_FORMAT = "dwarf-with-dsym";
				ENABLE_NS_ASSERTIONS = NO;
				ENABLE_STRICT_OBJC_MSGSEND = YES;
				GCC_C_LANGUAGE_STANDARD = gnu11;
				GCC_NO_COMMON_BLOCKS = YES;
				GCC_WARN_64_TO_32_BIT_CONVERSION = YES;
				GCC_WARN_ABOUT_RETURN_TYPE = YES_ERROR;
				GCC_WARN_UNDECLARED_SELECTOR = YES;
				GCC_WARN_UNINITIALIZED_AUTOS = YES_AGGRESSIVE;
				GCC_WARN_UNUSED_FUNCTION = YES;
				GCC_WARN_UNUSED_VARIABLE = YES;
				IPHONEOS_DEPLOYMENT_TARGET = 11.1;
				MTL_ENABLE_DEBUG_INFO = NO;
				SDKROOT = iphoneos;
				SWIFT_OPTIMIZATION_LEVEL = "-Owholemodule";
				VALIDATE_PRODUCT = YES;
			};
			name = Release;
		};
		16D43F3B202B30210040E310 /* Debug */ = {
			isa = XCBuildConfiguration;
			buildSettings = {
				ASSETCATALOG_COMPILER_APPICON_NAME = AppIcon;
				CODE_SIGN_STYLE = Automatic;
				INFOPLIST_FILE = Flashcard/Info.plist;
				LD_RUNPATH_SEARCH_PATHS = "$(inherited) @executable_path/Frameworks";
				PRODUCT_BUNDLE_IDENTIFIER = Sayed.abdo.Flashcard;
				PRODUCT_NAME = "$(TARGET_NAME)";
				SWIFT_VERSION = 4.0;
				TARGETED_DEVICE_FAMILY = "1,2";
			};
			name = Debug;
		};
		16D43F3C202B30210040E310 /* Release */ = {
			isa = XCBuildConfiguration;
			buildSettings = {
				ASSETCATALOG_COMPILER_APPICON_NAME = AppIcon;
				CODE_SIGN_STYLE = Automatic;
				INFOPLIST_FILE = Flashcard/Info.plist;
				LD_RUNPATH_SEARCH_PATHS = "$(inherited) @executable_path/Frameworks";
				PRODUCT_BUNDLE_IDENTIFIER = Sayed.abdo.Flashcard;
				PRODUCT_NAME = "$(TARGET_NAME)";
				SWIFT_VERSION = 4.0;
				TARGETED_DEVICE_FAMILY = "1,2";
			};
			name = Release;
		};
		16D43F3E202B30210040E310 /* Debug */ = {
			isa = XCBuildConfiguration;
			buildSettings = {
				ALWAYS_EMBED_SWIFT_STANDARD_LIBRARIES = YES;
				BUNDLE_LOADER = "$(TEST_HOST)";
				CODE_SIGN_STYLE = Automatic;
				INFOPLIST_FILE = FlashcardTests/Info.plist;
				LD_RUNPATH_SEARCH_PATHS = "$(inherited) @executable_path/Frameworks @loader_path/Frameworks";
				PRODUCT_BUNDLE_IDENTIFIER = Sayed.abdo.FlashcardTests;
				PRODUCT_NAME = "$(TARGET_NAME)";
				SWIFT_VERSION = 4.0;
				TARGETED_DEVICE_FAMILY = "1,2";
				TEST_HOST = "$(BUILT_PRODUCTS_DIR)/Flashcard.app/Flashcard";
			};
			name = Debug;
		};
		16D43F3F202B30210040E310 /* Release */ = {
			isa = XCBuildConfiguration;
			buildSettings = {
				ALWAYS_EMBED_SWIFT_STANDARD_LIBRARIES = YES;
				BUNDLE_LOADER = "$(TEST_HOST)";
				CODE_SIGN_STYLE = Automatic;
				INFOPLIST_FILE = FlashcardTests/Info.plist;
				LD_RUNPATH_SEARCH_PATHS = "$(inherited) @executable_path/Frameworks @loader_path/Frameworks";
				PRODUCT_BUNDLE_IDENTIFIER = Sayed.abdo.FlashcardTests;
				PRODUCT_NAME = "$(TARGET_NAME)";
				SWIFT_VERSION = 4.0;
				TARGETED_DEVICE_FAMILY = "1,2";
				TEST_HOST = "$(BUILT_PRODUCTS_DIR)/Flashcard.app/Flashcard";
			};
			name = Release;
		};
		16D43F41202B30210040E310 /* Debug */ = {
			isa = XCBuildConfiguration;
			buildSettings = {
				ALWAYS_EMBED_SWIFT_STANDARD_LIBRARIES = YES;
				CODE_SIGN_STYLE = Automatic;
				INFOPLIST_FILE = FlashcardUITests/Info.plist;
				LD_RUNPATH_SEARCH_PATHS = "$(inherited) @executable_path/Frameworks @loader_path/Frameworks";
				PRODUCT_BUNDLE_IDENTIFIER = Sayed.abdo.FlashcardUITests;
				PRODUCT_NAME = "$(TARGET_NAME)";
				SWIFT_VERSION = 4.0;
				TARGETED_DEVICE_FAMILY = "1,2";
				TEST_TARGET_NAME = Flashcard;
			};
			name = Debug;
		};
		16D43F42202B30210040E310 /* Release */ = {
			isa = XCBuildConfiguration;
			buildSettings = {
				ALWAYS_EMBED_SWIFT_STANDARD_LIBRARIES = YES;
				CODE_SIGN_STYLE = Automatic;
				INFOPLIST_FILE = FlashcardUITests/Info.plist;
				LD_RUNPATH_SEARCH_PATHS = "$(inherited) @executable_path/Frameworks @loader_path/Frameworks";
				PRODUCT_BUNDLE_IDENTIFIER = Sayed.abdo.FlashcardUITests;
				PRODUCT_NAME = "$(TARGET_NAME)";
				SWIFT_VERSION = 4.0;
				TARGETED_DEVICE_FAMILY = "1,2";
				TEST_TARGET_NAME = Flashcard;
			};
			name = Release;
		};
/* End XCBuildConfiguration section */

/* Begin XCConfigurationList section */
		16D43F0A202B30210040E310 /* Build configuration list for PBXProject "Flashcard" */ = {
			isa = XCConfigurationList;
			buildConfigurations = (
				16D43F38202B30210040E310 /* Debug */,
				16D43F39202B30210040E310 /* Release */,
			);
			defaultConfigurationIsVisible = 0;
			defaultConfigurationName = Release;
		};
		16D43F3A202B30210040E310 /* Build configuration list for PBXNativeTarget "Flashcard" */ = {
			isa = XCConfigurationList;
			buildConfigurations = (
				16D43F3B202B30210040E310 /* Debug */,
				16D43F3C202B30210040E310 /* Release */,
			);
			defaultConfigurationIsVisible = 0;
			defaultConfigurationName = Release;
		};
		16D43F3D202B30210040E310 /* Build configuration list for PBXNativeTarget "FlashcardTests" */ = {
			isa = XCConfigurationList;
			buildConfigurations = (
				16D43F3E202B30210040E310 /* Debug */,
				16D43F3F202B30210040E310 /* Release */,
			);
			defaultConfigurationIsVisible = 0;
			defaultConfigurationName = Release;
		};
		16D43F40202B30210040E310 /* Build configuration list for PBXNativeTarget "FlashcardUITests" */ = {
			isa = XCConfigurationList;
			buildConfigurations = (
				16D43F41202B30210040E310 /* Debug */,
				16D43F42202B30210040E310 /* Release */,
			);
			defaultConfigurationIsVisible = 0;
			defaultConfigurationName = Release;
		};
/* End XCConfigurationList section */

/* Begin XCVersionGroup section */
		16D43F19202B30210040E310 /* Flashcard.xcdatamodeld */ = {
			isa = XCVersionGroup;
			children = (
				16D43F1A202B30210040E310 /* Flashcard.xcdatamodel */,
			);
			currentVersion = 16D43F1A202B30210040E310 /* Flashcard.xcdatamodel */;
			path = Flashcard.xcdatamodeld;
			sourceTree = "<group>";
			versionGroupType = wrapper.xcdatamodel;
		};
/* End XCVersionGroup section */
	};
	rootObject = 16D43F07202B30210040E310 /* Project object */;
}
